
Microsoft Visual Studio Solution File, Format Version 12.00
# Visual Studio Version 17
VisualStudioVersion = 17.11.35312.102
MinimumVisualStudioVersion = 10.0.40219.1
Project("{FAE04EC0-301F-11D3-BF4B-00C04F79EFBC}") = "UltimateZombieSchoolSuvival", "UltimateZombieSchoolSuvival.csproj", "{B75CDA68-845F-4DFA-AE42-F2FA3D5B9DD0}"
EndProject
Global
	GlobalSection(SolutionConfigurationPlatforms) = preSolution
		Debug|Any CPU = Debug|Any CPU
		Release|Any CPU = Release|Any CPU
	EndGlobalSection
	GlobalSection(ProjectConfigurationPlatforms) = postSolution
		{B75CDA68-845F-4DFA-AE42-F2FA3D5B9DD0}.Debug|Any CPU.ActiveCfg = Debug|Any CPU
		{B75CDA68-845F-4DFA-AE42-F2FA3D5B9DD0}.Debug|Any CPU.Build.0 = Debug|Any CPU
		{B75CDA68-845F-4DFA-AE42-F2FA3D5B9DD0}.Release|Any CPU.ActiveCfg = Release|Any CPU
		{B75CDA68-845F-4DFA-AE42-F2FA3D5B9DD0}.Release|Any CPU.Build.0 = Release|Any CPU
	EndGlobalSection
	GlobalSection(SolutionProperties) = preSolution
		HideSolutionNode = FALSE
	EndGlobalSection
	GlobalSection(ExtensibilityGlobals) = postSolution
		SolutionGuid = {A5FBC86E-5ACE-4136-9DE2-F965EE86776C}
	EndGlobalSection
EndGlobal
